
Microsoft Visual Studio Solution File, Format Version 12.00
# Visual Studio 15
Project("{FAE04EC0-301F-11D3-BF4B-00C04F79EFBC}") = "Assembly-CSharp", "Assembly-CSharp.csproj", "{9CB98B8B-48FD-4D1F-E977-B54C8C53574D}"
EndProject
Project("{FAE04EC0-301F-11D3-BF4B-00C04F79EFBC}") = "Assembly-CSharp-Editor", "Assembly-CSharp-Editor.csproj", "{EC6142DD-6E28-FD17-0ED6-048429C0A242}"
EndProject
Global
	GlobalSection(SolutionConfigurationPlatforms) = preSolution
		Debug|Any CPU = Debug|Any CPU
		Release|Any CPU = Release|Any CPU
	EndGlobalSection
	GlobalSection(ProjectConfigurationPlatforms) = postSolution
		{9CB98B8B-48FD-4D1F-E977-B54C8C53574D}.Debug|Any CPU.ActiveCfg = Debug|Any CPU
		{9CB98B8B-48FD-4D1F-E977-B54C8C53574D}.Debug|Any CPU.Build.0 = Debug|Any CPU
		{9CB98B8B-48FD-4D1F-E977-B54C8C53574D}.Release|Any CPU.ActiveCfg = Release|Any CPU
		{9CB98B8B-48FD-4D1F-E977-B54C8C53574D}.Release|Any CPU.Build.0 = Release|Any CPU
		{EC6142DD-6E28-FD17-0ED6-048429C0A242}.Debug|Any CPU.ActiveCfg = Debug|Any CPU
		{EC6142DD-6E28-FD17-0ED6-048429C0A242}.Debug|Any CPU.Build.0 = Debug|Any CPU
		{EC6142DD-6E28-FD17-0ED6-048429C0A242}.Release|Any CPU.ActiveCfg = Release|Any CPU
		{EC6142DD-6E28-FD17-0ED6-048429C0A242}.Release|Any CPU.Build.0 = Release|Any CPU
	EndGlobalSection
	GlobalSection(SolutionProperties) = preSolution
		HideSolutionNode = FALSE
	EndGlobalSection
EndGlobal
